// !$*UTF8*$!
{
	archiveVersion = 1;
	classes = {
	};
	objectVersion = 50;
	objects = {

/* Begin PBXBuildFile section */
		9EAC664C236A701200C26AC6 /* AppDelegate.swift in Sources */ = {isa = PBXBuildFile; fileRef = 9EAC664B236A701200C26AC6 /* AppDelegate.swift */; };
		9EAC664E236A701200C26AC6 /* SceneDelegate.swift in Sources */ = {isa = PBXBuildFile; fileRef = 9EAC664D236A701200C26AC6 /* SceneDelegate.swift */; };
		9EAC6650236A701200C26AC6 /* ViewController.swift in Sources */ = {isa = PBXBuildFile; fileRef = 9EAC664F236A701200C26AC6 /* ViewController.swift */; };
		9EAC6653236A701200C26AC6 /* Main.storyboard in Resources */ = {isa = PBXBuildFile; fileRef = 9EAC6651236A701200C26AC6 /* Main.storyboard */; };
		9EAC6655236A701200C26AC6 /* Assets.xcassets in Resources */ = {isa = PBXBuildFile; fileRef = 9EAC6654236A701200C26AC6 /* Assets.xcassets */; };
		9EAC6658236A701200C26AC6 /* LaunchScreen.storyboard in Resources */ = {isa = PBXBuildFile; fileRef = 9EAC6656236A701200C26AC6 /* LaunchScreen.storyboard */; };
		9EAC6660236A75D700C26AC6 /* Jokes.swift in Sources */ = {isa = PBXBuildFile; fileRef = 9EAC665F236A75D700C26AC6 /* Jokes.swift */; };
		9EAC6665236A7F8F00C26AC6 /* Astro.png in Resources */ = {isa = PBXBuildFile; fileRef = 9EAC6661236A7F8F00C26AC6 /* Astro.png */; };
		9EAC6666236A7F8F00C26AC6 /* Fluffy.png in Resources */ = {isa = PBXBuildFile; fileRef = 9EAC6662236A7F8F00C26AC6 /* Fluffy.png */; };
		9EAC6667236A7F8F00C26AC6 /* Squido.png in Resources */ = {isa = PBXBuildFile; fileRef = 9EAC6663236A7F8F00C26AC6 /* Squido.png */; };
		9EAC6668236A7F8F00C26AC6 /* Munchie.png in Resources */ = {isa = PBXBuildFile; fileRef = 9EAC6664236A7F8F00C26AC6 /* Munchie.png */; };
/* End PBXBuildFile section */

/* Begin PBXFileReference section */
		9EAC6648236A701100C26AC6 /* SecondIosApp.app */ = {isa = PBXFileReference; explicitFileType = wrapper.application; includeInIndex = 0; path = SecondIosApp.app; sourceTree = BUILT_PRODUCTS_DIR; };
		9EAC664B236A701200C26AC6 /* AppDelegate.swift */ = {isa = PBXFileReference; lastKnownFileType = sourcecode.swift; path = AppDelegate.swift; sourceTree = "<group>"; };
		9EAC664D236A701200C26AC6 /* SceneDelegate.swift */ = {isa = PBXFileReference; lastKnownFileType = sourcecode.swift; path = SceneDelegate.swift; sourceTree = "<group>"; };
		9EAC664F236A701200C26AC6 /* ViewController.swift */ = {isa = PBXFileReference; lastKnownFileType = sourcecode.swift; path = ViewController.swift; sourceTree = "<group>"; };
		9EAC6652236A701200C26AC6 /* Base */ = {isa = PBXFileReference; lastKnownFileType = file.storyboard; name = Base; path = Base.lproj/Main.storyboard; sourceTree = "<group>"; };
		9EAC6654236A701200C26AC6 /* Assets.xcassets */ = {isa = PBXFileReference; lastKnownFileType = folder.assetcatalog; path = Assets.xcassets; sourceTree = "<group>"; };
		9EAC6657236A701200C26AC6 /* Base */ = {isa = PBXFileReference; lastKnownFileType = file.storyboard; name = Base; path = Base.lproj/LaunchScreen.storyboard; sourceTree = "<group>"; };
		9EAC6659236A701200C26AC6 /* Info.plist */ = {isa = PBXFileReference; lastKnownFileType = text.plist.xml; path = Info.plist; sourceTree = "<group>"; };
		9EAC665F236A75D700C26AC6 /* Jokes.swift */ = {isa = PBXFileReference; lastKnownFileType = sourcecode.swift; path = Jokes.swift; sourceTree = "<group>"; };
		9EAC6661236A7F8F00C26AC6 /* Astro.png */ = {isa = PBXFileReference; lastKnownFileType = image.png; path = Astro.png; sourceTree = "<group>"; };
		9EAC6662236A7F8F00C26AC6 /* Fluffy.png */ = {isa = PBXFileReference; lastKnownFileType = image.png; path = Fluffy.png; sourceTree = "<group>"; };
		9EAC6663236A7F8F00C26AC6 /* Squido.png */ = {isa = PBXFileReference; lastKnownFileType = image.png; path = Squido.png; sourceTree = "<group>"; };
		9EAC6664236A7F8F00C26AC6 /* Munchie.png */ = {isa = PBXFileReference; lastKnownFileType = image.png; path = Munchie.png; sourceTree = "<group>"; };
/* End PBXFileReference section */

/* Begin PBXFrameworksBuildPhase section */
		9EAC6645236A701100C26AC6 /* Frameworks */ = {
			isa = PBXFrameworksBuildPhase;
			buildActionMask = 2147483647;
			files = (
			);
			runOnlyForDeploymentPostprocessing = 0;
		};
/* End PBXFrameworksBuildPhase section */

/* Begin PBXGroup section */
		9EAC663F236A701100C26AC6 = {
			isa = PBXGroup;
			children = (
				9EAC664A236A701100C26AC6 /* SecondIosApp */,
				9EAC6649236A701100C26AC6 /* Products */,
			);
			sourceTree = "<group>";
		};
		9EAC6649236A701100C26AC6 /* Products */ = {
			isa = PBXGroup;
			children = (
				9EAC6648236A701100C26AC6 /* SecondIosApp.app */,
			);
			name = Products;
			sourceTree = "<group>";
		};
		9EAC664A236A701100C26AC6 /* SecondIosApp */ = {
			isa = PBXGroup;
			children = (
				9EAC664B236A701200C26AC6 /* AppDelegate.swift */,
				9EAC664D236A701200C26AC6 /* SceneDelegate.swift */,
				9EAC664F236A701200C26AC6 /* ViewController.swift */,
				9EAC6651236A701200C26AC6 /* Main.storyboard */,
				9EAC6654236A701200C26AC6 /* Assets.xcassets */,
				9EAC6656236A701200C26AC6 /* LaunchScreen.storyboard */,
				9EAC6659236A701200C26AC6 /* Info.plist */,
				9EAC665F236A75D700C26AC6 /* Jokes.swift */,
				9EAC6661236A7F8F00C26AC6 /* Astro.png */,
				9EAC6662236A7F8F00C26AC6 /* Fluffy.png */,
				9EAC6664236A7F8F00C26AC6 /* Munchie.png */,
				9EAC6663236A7F8F00C26AC6 /* Squido.png */,
			);
			path = SecondIosApp;
			sourceTree = "<group>";
		};
/* End PBXGroup section */

/* Begin PBXNativeTarget section */
		9EAC6647236A701100C26AC6 /* SecondIosApp */ = {
			isa = PBXNativeTarget;
			buildConfigurationList = 9EAC665C236A701200C26AC6 /* Build configuration list for PBXNativeTarget "SecondIosApp" */;
			buildPhases = (
				9EAC6644236A701100C26AC6 /* Sources */,
				9EAC6645236A701100C26AC6 /* Frameworks */,
				9EAC6646236A701100C26AC6 /* Resources */,
			);
			buildRules = (
			);
			dependencies = (
			);
			name = SecondIosApp;
			productName = SecondIosApp;
			productReference = 9EAC6648236A701100C26AC6 /* SecondIosApp.app */;
			productType = "com.apple.product-type.application";
		};
/* End PBXNativeTarget section */

/* Begin PBXProject section */
		9EAC6640236A701100C26AC6 /* Project object */ = {
			isa = PBXProject;
			attributes = {
				LastSwiftUpdateCheck = 1110;
				LastUpgradeCheck = 1110;
				ORGANIZATIONNAME = "Lee, Kenneth Van";
				TargetAttributes = {
					9EAC6647236A701100C26AC6 = {
						CreatedOnToolsVersion = 11.1;
					};
				};
			};
			buildConfigurationList = 9EAC6643236A701100C26AC6 /* Build configuration list for PBXProject "SecondIosApp" */;
			compatibilityVersion = "Xcode 9.3";
			developmentRegion = en;
			hasScannedForEncodings = 0;
			knownRegions = (
				en,
				Base,
			);
			mainGroup = 9EAC663F236A701100C26AC6;
			productRefGroup = 9EAC6649236A701100C26AC6 /* Products */;
			projectDirPath = "";
			projectRoot = "";
			targets = (
				9EAC6647236A701100C26AC6 /* SecondIosApp */,
			);
		};
/* End PBXProject section */

/* Begin PBXResourcesBuildPhase section */
		9EAC6646236A701100C26AC6 /* Resources */ = {
			isa = PBXResourcesBuildPhase;
			buildActionMask = 2147483647;
			files = (
				9EAC6658236A701200C26AC6 /* LaunchScreen.storyboard in Resources */,
				9EAC6666236A7F8F00C26AC6 /* Fluffy.png in Resources */,
				9EAC6665236A7F8F00C26AC6 /* Astro.png in Resources */,
				9EAC6655236A701200C26AC6 /* Assets.xcassets in Resources */,
				9EAC6668236A7F8F00C26AC6 /* Munchie.png in Resources */,
				9EAC6667236A7F8F00C26AC6 /* Squido.png in Resources */,
				9EAC6653236A701200C26AC6 /* Main.storyboard in Resources */,
			);
			runOnlyForDeploymentPostprocessing = 0;
		};
/* End PBXResourcesBuildPhase section */

/* Begin PBXSourcesBuildPhase section */
		9EAC6644236A701100C26AC6 /* Sources */ = {
			isa = PBXSourcesBuildPhase;
			buildActionMask = 2147483647;
			files = (
				9EAC6650236A701200C26AC6 /* ViewController.swift in Sources */,
				9EAC664C236A701200C26AC6 /* AppDelegate.swift in Sources */,
				9EAC6660236A75D700C26AC6 /* Jokes.swift in Sources */,
				9EAC664E236A701200C26AC6 /* SceneDelegate.swift in Sources */,
			);
			runOnlyForDeploymentPostprocessing = 0;
		};
/* End PBXSourcesBuildPhase section */

/* Begin PBXVariantGroup section */
		9EAC6651236A701200C26AC6 /* Main.storyboard */ = {
			isa = PBXVariantGroup;
			children = (
				9EAC6652236A701200C26AC6 /* Base */,
			);
			name = Main.storyboard;
			sourceTree = "<group>";
		};
		9EAC6656236A701200C26AC6 /* LaunchScreen.storyboard */ = {
			isa = PBXVariantGroup;
			children = (
				9EAC6657236A701200C26AC6 /* Base */,
			);
			name = LaunchScreen.storyboard;
			sourceTree = "<group>";
		};
/* End PBXVariantGroup section */

/* Begin XCBuildConfiguration section */
		9EAC665A236A701200C26AC6 /* Debug */ = {
			isa = XCBuildConfiguration;
			buildSettings = {
				ALWAYS_SEARCH_USER_PATHS = NO;
				CLANG_ANALYZER_NONNULL = YES;
				CLANG_ANALYZER_NUMBER_OBJECT_CONVERSION = YES_AGGRESSIVE;
				CLANG_CXX_LANGUAGE_STANDARD = "gnu++14";
				CLANG_CXX_LIBRARY = "libc++";
				CLANG_ENABLE_MODULES = YES;
				CLANG_ENABLE_OBJC_ARC = YES;
				CLANG_ENABLE_OBJC_WEAK = YES;
				CLANG_WARN_BLOCK_CAPTURE_AUTORELEASING = YES;
				CLANG_WARN_BOOL_CONVERSION = YES;
				CLANG_WARN_COMMA = YES;
				CLANG_WARN_CONSTANT_CONVERSION = YES;
				CLANG_WARN_DEPRECATED_OBJC_IMPLEMENTATIONS = YES;
				CLANG_WARN_DIRECT_OBJC_ISA_USAGE = YES_ERROR;
				CLANG_WARN_DOCUMENTATION_COMMENTS = YES;
				CLANG_WARN_EMPTY_BODY = YES;
				CLANG_WARN_ENUM_CONVERSION = YES;
				CLANG_WARN_INFINITE_RECURSION = YES;
				CLANG_WARN_INT_CONVERSION = YES;
				CLANG_WARN_NON_LITERAL_NULL_CONVERSION = YES;
				CLANG_WARN_OBJC_IMPLICIT_RETAIN_SELF = YES;
				CLANG_WARN_OBJC_LITERAL_CONVERSION = YES;
				CLANG_WARN_OBJC_ROOT_CLASS = YES_ERROR;
				CLANG_WARN_RANGE_LOOP_ANALYSIS = YES;
				CLANG_WARN_STRICT_PROTOTYPES = YES;
				CLANG_WARN_SUSPICIOUS_MOVE = YES;
				CLANG_WARN_UNGUARDED_AVAILABILITY = YES_AGGRESSIVE;
				CLANG_WARN_UNREACHABLE_CODE = YES;
				CLANG_WARN__DUPLICATE_METHOD_MATCH = YES;
				COPY_PHASE_STRIP = NO;
				DEBUG_INFORMATION_FORMAT = dwarf;
				ENABLE_STRICT_OBJC_MSGSEND = YES;
				ENABLE_TESTABILITY = YES;
				GCC_C_LANGUAGE_STANDARD = gnu11;
				GCC_DYNAMIC_NO_PIC = NO;
				GCC_NO_COMMON_BLOCKS = YES;
				GCC_OPTIMIZATION_LEVEL = 0;
				GCC_PREPROCESSOR_DEFINITIONS = (
					"DEBUG=1",
					"$(inherited)",
				);
				GCC_WARN_64_TO_32_BIT_CONVERSION = YES;
				GCC_WARN_ABOUT_RETURN_TYPE = YES_ERROR;
				GCC_WARN_UNDECLARED_SELECTOR = YES;
				GCC_WARN_UNINITIALIZED_AUTOS = YES_AGGRESSIVE;
				GCC_WARN_UNUSED_FUNCTION = YES;
				GCC_WARN_UNUSED_VARIABLE = YES;
				IPHONEOS_DEPLOYMENT_TARGET = 13.1;
				MTL_ENABLE_DEBUG_INFO = INCLUDE_SOURCE;
				MTL_FAST_MATH = YES;
				ONLY_ACTIVE_ARCH = YES;
				SDKROOT = iphoneos;
				SWIFT_ACTIVE_COMPILATION_CONDITIONS = DEBUG;
				SWIFT_OPTIMIZATION_LEVEL = "-Onone";
			};
			name = Debug;
		};
		9EAC665B236A701200C26AC6 /* Release */ = {
			isa = XCBuildConfiguration;
			buildSettings = {
				ALWAYS_SEARCH_USER_PATHS = NO;
				CLANG_ANALYZER_NONNULL = YES;
				CLANG_ANALYZER_NUMBER_OBJECT_CONVERSION = YES_AGGRESSIVE;
				CLANG_CXX_LANGUAGE_STANDARD = "gnu++14";
				CLANG_CXX_LIBRARY = "libc++";
				CLANG_ENABLE_MODULES = YES;
				CLANG_ENABLE_OBJC_ARC = YES;
				CLANG_ENABLE_OBJC_WEAK = YES;
				CLANG_WARN_BLOCK_CAPTURE_AUTORELEASING = YES;
				CLANG_WARN_BOOL_CONVERSION = YES;
				CLANG_WARN_COMMA = YES;
				CLANG_WARN_CONSTANT_CONVERSION = YES;
				CLANG_WARN_DEPRECATED_OBJC_IMPLEMENTATIONS = YES;
				CLANG_WARN_DIRECT_OBJC_ISA_USAGE = YES_ERROR;
				CLANG_WARN_DOCUMENTATION_COMMENTS = YES;
				CLANG_WARN_EMPTY_BODY = YES;
				CLANG_WARN_ENUM_CONVERSION = YES;
				CLANG_WARN_INFINITE_RECURSION = YES;
				CLANG_WARN_INT_CONVERSION = YES;
				CLANG_WARN_NON_LITERAL_NULL_CONVERSION = YES;
				CLANG_WARN_OBJC_IMPLICIT_RETAIN_SELF = YES;
				CLANG_WARN_OBJC_LITERAL_CONVERSION = YES;
				CLANG_WARN_OBJC_ROOT_CLASS = YES_ERROR;
				CLANG_WARN_RANGE_LOOP_ANALYSIS = YES;
				CLANG_WARN_STRICT_PROTOTYPES = YES;
				CLANG_WARN_SUSPICIOUS_MOVE = YES;
				CLANG_WARN_UNGUARDED_AVAILABILITY = YES_AGGRESSIVE;
				CLANG_WARN_UNREACHABLE_CODE = YES;
				CLANG_WARN__DUPLICATE_METHOD_MATCH = YES;
				COPY_PHASE_STRIP = NO;
				DEBUG_INFORMATION_FORMAT = "dwarf-with-dsym";
				ENABLE_NS_ASSERTIONS = NO;
				ENABLE_STRICT_OBJC_MSGSEND = YES;
				GCC_C_LANGUAGE_STANDARD = gnu11;
				GCC_NO_COMMON_BLOCKS = YES;
				GCC_WARN_64_TO_32_BIT_CONVERSION = YES;
				GCC_WARN_ABOUT_RETURN_TYPE = YES_ERROR;
				GCC_WARN_UNDECLARED_SELECTOR = YES;
				GCC_WARN_UNINITIALIZED_AUTOS = YES_AGGRESSIVE;
				GCC_WARN_UNUSED_FUNCTION = YES;
				GCC_WARN_UNUSED_VARIABLE = YES;
				IPHONEOS_DEPLOYMENT_TARGET = 13.1;
				MTL_ENABLE_DEBUG_INFO = NO;
				MTL_FAST_MATH = YES;
				SDKROOT = iphoneos;
				SWIFT_COMPILATION_MODE = wholemodule;
				SWIFT_OPTIMIZATION_LEVEL = "-O";
				VALIDATE_PRODUCT = YES;
			};
			name = Release;
		};
		9EAC665D236A701200C26AC6 /* Debug */ = {
			isa = XCBuildConfiguration;
			buildSettings = {
				ASSETCATALOG_COMPILER_APPICON_NAME = AppIcon;
				CODE_SIGN_STYLE = Automatic;
				DEVELOPMENT_TEAM = S4NKBX2466;
				INFOPLIST_FILE = SecondIosApp/Info.plist;
				LD_RUNPATH_SEARCH_PATHS = (
					"$(inherited)",
					"@executable_path/Frameworks",
				);
				PRODUCT_BUNDLE_IDENTIFIER = com.kenneth.SecondIosApp;
				PRODUCT_NAME = "$(TARGET_NAME)";
				SWIFT_VERSION = 5.0;
				TARGETED_DEVICE_FAMILY = 1;
			};
			name = Debug;
		};
		9EAC665E236A701200C26AC6 /* Release */ = {
			isa = XCBuildConfiguration;
			buildSettings = {
				ASSETCATALOG_COMPILER_APPICON_NAME = AppIcon;
				CODE_SIGN_STYLE = Automatic;
				DEVELOPMENT_TEAM = S4NKBX2466;
				INFOPLIST_FILE = SecondIosApp/Info.plist;
				LD_RUNPATH_SEARCH_PATHS = (
					"$(inherited)",
					"@executable_path/Frameworks",
				);
				PRODUCT_BUNDLE_IDENTIFIER = com.kenneth.SecondIosApp;
				PRODUCT_NAME = "$(TARGET_NAME)";
				SWIFT_VERSION = 5.0;
				TARGETED_DEVICE_FAMILY = 1;
			};
			name = Release;
		};
/* End XCBuildConfiguration section */

/* Begin XCConfigurationList section */
		9EAC6643236A701100C26AC6 /* Build configuration list for PBXProject "SecondIosApp" */ = {
			isa = XCConfigurationList;
			buildConfigurations = (
				9EAC665A236A701200C26AC6 /* Debug */,
				9EAC665B236A701200C26AC6 /* Release */,
			);
			defaultConfigurationIsVisible = 0;
			defaultConfigurationName = Release;
		};
		9EAC665C236A701200C26AC6 /* Build configuration list for PBXNativeTarget "SecondIosApp" */ = {
			isa = XCConfigurationList;
			buildConfigurations = (
				9EAC665D236A701200C26AC6 /* Debug */,
				9EAC665E236A701200C26AC6 /* Release */,
			);
			defaultConfigurationIsVisible = 0;
			defaultConfigurationName = Release;
		};
/* End XCConfigurationList section */
	};
	rootObject = 9EAC6640236A701100C26AC6 /* Project object */;
}
